
Microsoft Visual Studio Solution File, Format Version 12.00
# Visual Studio Version 17
VisualStudioVersion = 17.4.33213.308
MinimumVisualStudioVersion = 10.0.40219.1
Project("{FAE04EC0-301F-11D3-BF4B-00C04F79EFBC}") = "ConsoleLibrary", "ConsoleLibrary\ConsoleLibrary.csproj", "{225D25C1-E3B4-42C7-9DDD-5D4F55FE911C}"
EndProject
Global
	GlobalSection(SolutionConfigurationPlatforms) = preSolution
		Debug|Any CPU = Debug|Any CPU
		Release|Any CPU = Release|Any CPU
	EndGlobalSection
	GlobalSection(ProjectConfigurationPlatforms) = postSolution
		{225D25C1-E3B4-42C7-9DDD-5D4F55FE911C}.Debug|Any CPU.ActiveCfg = Debug|Any CPU
		{225D25C1-E3B4-42C7-9DDD-5D4F55FE911C}.Debug|Any CPU.Build.0 = Debug|Any CPU
		{225D25C1-E3B4-42C7-9DDD-5D4F55FE911C}.Release|Any CPU.ActiveCfg = Release|Any CPU
		{225D25C1-E3B4-42C7-9DDD-5D4F55FE911C}.Release|Any CPU.Build.0 = Release|Any CPU
	EndGlobalSection
	GlobalSection(SolutionProperties) = preSolution
		HideSolutionNode = FALSE
	EndGlobalSection
	GlobalSection(ExtensibilityGlobals) = postSolution
		SolutionGuid = {014D3491-5A44-48B3-B1BD-6D1850A72AD3}
	EndGlobalSection
EndGlobal
