
Microsoft Visual Studio Solution File, Format Version 12.00
# Visual Studio Version 17
VisualStudioVersion = 17.3.32929.385
MinimumVisualStudioVersion = 10.0.40219.1
Project("{9A19103F-16F7-4668-BE54-9A1E7A4F7556}") = "FileSystemVisitor", "ConsoleApp1\FileSystemVisitor.csproj", "{8589CBF4-48B4-4651-9767-F28D6248BADA}"
EndProject
Global
	GlobalSection(SolutionConfigurationPlatforms) = preSolution
		Debug|Any CPU = Debug|Any CPU
		Release|Any CPU = Release|Any CPU
	EndGlobalSection
	GlobalSection(ProjectConfigurationPlatforms) = postSolution
		{8589CBF4-48B4-4651-9767-F28D6248BADA}.Debug|Any CPU.ActiveCfg = Debug|Any CPU
		{8589CBF4-48B4-4651-9767-F28D6248BADA}.Debug|Any CPU.Build.0 = Debug|Any CPU
		{8589CBF4-48B4-4651-9767-F28D6248BADA}.Release|Any CPU.ActiveCfg = Release|Any CPU
		{8589CBF4-48B4-4651-9767-F28D6248BADA}.Release|Any CPU.Build.0 = Release|Any CPU
	EndGlobalSection
	GlobalSection(SolutionProperties) = preSolution
		HideSolutionNode = FALSE
	EndGlobalSection
	GlobalSection(ExtensibilityGlobals) = postSolution
		SolutionGuid = {EAD072DA-B553-4D10-8355-19AF5C3FBD6D}
	EndGlobalSection
EndGlobal
