
Microsoft Visual Studio Solution File, Format Version 12.00
# Visual Studio Version 17
VisualStudioVersion = 17.4.33205.214
MinimumVisualStudioVersion = 10.0.40219.1
Project("{9A19103F-16F7-4668-BE54-9A1E7A4F7556}") = "BinarySerializerConsole", "BinarySerializerConsole\BinarySerializerConsole.csproj", "{12BEDAAE-C74E-4F88-80BF-E7D88FA78077}"
EndProject
Project("{FAE04EC0-301F-11D3-BF4B-00C04F79EFBC}") = "XmlSerializerConsole", "XmlSerializerConsole\XmlSerializerConsole.csproj", "{C26AEF83-3FAC-4C24-B960-C3C9BAF2790E}"
EndProject
Global
	GlobalSection(SolutionConfigurationPlatforms) = preSolution
		Debug|Any CPU = Debug|Any CPU
		Release|Any CPU = Release|Any CPU
	EndGlobalSection
	GlobalSection(ProjectConfigurationPlatforms) = postSolution
		{12BEDAAE-C74E-4F88-80BF-E7D88FA78077}.Debug|Any CPU.ActiveCfg = Debug|Any CPU
		{12BEDAAE-C74E-4F88-80BF-E7D88FA78077}.Debug|Any CPU.Build.0 = Debug|Any CPU
		{12BEDAAE-C74E-4F88-80BF-E7D88FA78077}.Release|Any CPU.ActiveCfg = Release|Any CPU
		{12BEDAAE-C74E-4F88-80BF-E7D88FA78077}.Release|Any CPU.Build.0 = Release|Any CPU
		{C26AEF83-3FAC-4C24-B960-C3C9BAF2790E}.Debug|Any CPU.ActiveCfg = Debug|Any CPU
		{C26AEF83-3FAC-4C24-B960-C3C9BAF2790E}.Debug|Any CPU.Build.0 = Debug|Any CPU
		{C26AEF83-3FAC-4C24-B960-C3C9BAF2790E}.Release|Any CPU.ActiveCfg = Release|Any CPU
		{C26AEF83-3FAC-4C24-B960-C3C9BAF2790E}.Release|Any CPU.Build.0 = Release|Any CPU
	EndGlobalSection
	GlobalSection(SolutionProperties) = preSolution
		HideSolutionNode = FALSE
	EndGlobalSection
	GlobalSection(ExtensibilityGlobals) = postSolution
		SolutionGuid = {677694E6-CFBA-46A1-9AA2-B23F13CCEAEF}
	EndGlobalSection
EndGlobal
